{
  "version": 4,
  "terraform_version": "1.6.6",
  "serial": 17,
  "lineage": "5c345069-d63c-d395-54db-2c463aa6ae1a",
  "outputs": {},
  "resources": [
    {
      "module": "module.app_gateway",
      "mode": "managed",
      "type": "azurerm_application_gateway",
      "name": "demo_gateway",
      "provider": "provider[\"registry.terraform.io/hashicorp/azurerm\"]",
      "instances": [
        {
          "schema_version": 0,
          "attributes": {
            "authentication_certificate": [],
            "autoscale_configuration": [
              {
                "max_capacity": 10,
                "min_capacity": 0
              }
            ],
            "backend_address_pool": [
              {
                "fqdns": [],
                "id": "/subscriptions/664b6097-19f2-42a3-be95-a4a6b4069f6b/resourceGroups/sa1_test_eic_TejalDave/providers/Microsoft.Network/applicationGateways/demo_gateway/backendAddressPools/jaydeep-vm_network-beap",
                "ip_addresses": [],
                "name": "jaydeep-vm_network-beap"
              }
            ],
            "backend_http_settings": [
              {
                "affinity_cookie_name": "",
                "authentication_certificate": [],
                "connection_draining": [],
                "cookie_based_affinity": "Disabled",
                "host_name": "",
                "id": "/subscriptions/664b6097-19f2-42a3-be95-a4a6b4069f6b/resourceGroups/sa1_test_eic_TejalDave/providers/Microsoft.Network/applicationGateways/demo_gateway/backendHttpSettingsCollection/jaydeep-vm_network-be-htst",
                "name": "jaydeep-vm_network-be-htst",
                "path": "/path1/",
                "pick_host_name_from_backend_address": false,
                "port": 80,
                "probe_id": "",
                "probe_name": "",
                "protocol": "Http",
                "request_timeout": 60,
                "trusted_root_certificate_names": []
              }
            ],
            "custom_error_configuration": [],
            "enable_http2": false,
            "fips_enabled": false,
            "firewall_policy_id": "",
            "force_firewall_policy_association": false,
            "frontend_ip_configuration": [
              {
                "id": "/subscriptions/664b6097-19f2-42a3-be95-a4a6b4069f6b/resourceGroups/sa1_test_eic_TejalDave/providers/Microsoft.Network/applicationGateways/demo_gateway/frontendIPConfigurations/jaydeep-vm_network-feip",
                "name": "jaydeep-vm_network-feip",
                "private_ip_address": "",
                "private_ip_address_allocation": "Dynamic",
                "private_link_configuration_id": "",
                "private_link_configuration_name": "",
                "public_ip_address_id": "/subscriptions/664b6097-19f2-42a3-be95-a4a6b4069f6b/resourceGroups/sa1_test_eic_TejalDave/providers/Microsoft.Network/publicIPAddresses/jaydeep_vm_ip",
                "subnet_id": ""
              }
            ],
            "frontend_port": [
              {
                "id": "/subscriptions/664b6097-19f2-42a3-be95-a4a6b4069f6b/resourceGroups/sa1_test_eic_TejalDave/providers/Microsoft.Network/applicationGateways/demo_gateway/frontendPorts/jaydeep-vm_network-feport",
                "name": "jaydeep-vm_network-feport",
                "port": 80
              }
            ],
            "gateway_ip_configuration": [
              {
                "id": "/subscriptions/664b6097-19f2-42a3-be95-a4a6b4069f6b/resourceGroups/sa1_test_eic_TejalDave/providers/Microsoft.Network/applicationGateways/demo_gateway/gatewayIPConfigurations/my-gateway-ip-configuration",
                "name": "my-gateway-ip-configuration",
                "subnet_id": "/subscriptions/664b6097-19f2-42a3-be95-a4a6b4069f6b/resourceGroups/sa1_test_eic_TejalDave/providers/Microsoft.Network/virtualNetworks/jaydeep-vm_network/subnets/jaydeep_vm_subnet"
              }
            ],
            "global": [],
            "http_listener": [
              {
                "custom_error_configuration": [],
                "firewall_policy_id": "",
                "frontend_ip_configuration_id": "/subscriptions/664b6097-19f2-42a3-be95-a4a6b4069f6b/resourceGroups/sa1_test_eic_TejalDave/providers/Microsoft.Network/applicationGateways/demo_gateway/frontendIPConfigurations/jaydeep-vm_network-feip",
                "frontend_ip_configuration_name": "jaydeep-vm_network-feip",
                "frontend_port_id": "/subscriptions/664b6097-19f2-42a3-be95-a4a6b4069f6b/resourceGroups/sa1_test_eic_TejalDave/providers/Microsoft.Network/applicationGateways/demo_gateway/frontendPorts/jaydeep-vm_network-feport",
                "frontend_port_name": "jaydeep-vm_network-feport",
                "host_name": "",
                "host_names": [],
                "id": "/subscriptions/664b6097-19f2-42a3-be95-a4a6b4069f6b/resourceGroups/sa1_test_eic_TejalDave/providers/Microsoft.Network/applicationGateways/demo_gateway/httpListeners/jaydeep-vm_network-httplstn",
                "name": "jaydeep-vm_network-httplstn",
                "protocol": "Http",
                "require_sni": false,
                "ssl_certificate_id": "",
                "ssl_certificate_name": "",
                "ssl_profile_id": "",
                "ssl_profile_name": ""
              }
            ],
            "id": "/subscriptions/664b6097-19f2-42a3-be95-a4a6b4069f6b/resourceGroups/sa1_test_eic_TejalDave/providers/Microsoft.Network/applicationGateways/demo_gateway",
            "identity": [],
            "location": "southeastasia",
            "name": "demo_gateway",
            "private_endpoint_connection": [],
            "private_link_configuration": [],
            "probe": [],
            "redirect_configuration": [],
            "request_routing_rule": [
              {
                "backend_address_pool_id": "/subscriptions/664b6097-19f2-42a3-be95-a4a6b4069f6b/resourceGroups/sa1_test_eic_TejalDave/providers/Microsoft.Network/applicationGateways/demo_gateway/backendAddressPools/jaydeep-vm_network-beap",
                "backend_address_pool_name": "jaydeep-vm_network-beap",
                "backend_http_settings_id": "/subscriptions/664b6097-19f2-42a3-be95-a4a6b4069f6b/resourceGroups/sa1_test_eic_TejalDave/providers/Microsoft.Network/applicationGateways/demo_gateway/backendHttpSettingsCollection/jaydeep-vm_network-be-htst",
                "backend_http_settings_name": "jaydeep-vm_network-be-htst",
                "http_listener_id": "/subscriptions/664b6097-19f2-42a3-be95-a4a6b4069f6b/resourceGroups/sa1_test_eic_TejalDave/providers/Microsoft.Network/applicationGateways/demo_gateway/httpListeners/jaydeep-vm_network-httplstn",
                "http_listener_name": "jaydeep-vm_network-httplstn",
                "id": "/subscriptions/664b6097-19f2-42a3-be95-a4a6b4069f6b/resourceGroups/sa1_test_eic_TejalDave/providers/Microsoft.Network/applicationGateways/demo_gateway/requestRoutingRules/jaydeep-vm_network-rqrt",
                "name": "jaydeep-vm_network-rqrt",
                "priority": 9,
                "redirect_configuration_id": "",
                "redirect_configuration_name": "",
                "rewrite_rule_set_id": "",
                "rewrite_rule_set_name": "",
                "rule_type": "Basic",
                "url_path_map_id": "",
                "url_path_map_name": ""
              }
            ],
            "resource_group_name": "sa1_test_eic_TejalDave",
            "rewrite_rule_set": [],
            "sku": [
              {
                "capacity": 0,
                "name": "Standard_v2",
                "tier": "Standard_v2"
              }
            ],
            "ssl_certificate": [],
            "ssl_policy": [
              {
                "cipher_suites": [],
                "disabled_protocols": [],
                "min_protocol_version": "",
                "policy_name": "AppGwSslPolicy20150501",
                "policy_type": "Predefined"
              }
            ],
            "ssl_profile": [],
            "tags": {},
            "timeouts": null,
            "trusted_client_certificate": [],
            "trusted_root_certificate": [],
            "url_path_map": [],
            "waf_configuration": [],
            "zones": []
          },
          "sensitive_attributes": [],
          "private": "eyJlMmJmYjczMC1lY2FhLTExZTYtOGY4OC0zNDM2M2JjN2M0YzAiOnsiY3JlYXRlIjo1NDAwMDAwMDAwMDAwLCJkZWxldGUiOjU0MDAwMDAwMDAwMDAsInJlYWQiOjMwMDAwMDAwMDAwMCwidXBkYXRlIjo1NDAwMDAwMDAwMDAwfX0=",
          "dependencies": [
            "module.app_gateway.azurerm_public_ip.jaydeep_vm_ip",
            "module.app_gateway.azurerm_subnet.jaydeep_vm_subnet",
            "module.app_gateway.azurerm_virtual_network.jaydeep-vm_network"
          ]
        }
      ]
    },
    {
      "module": "module.app_gateway",
      "mode": "managed",
      "type": "azurerm_public_ip",
      "name": "jaydeep_vm_ip",
      "provider": "provider[\"registry.terraform.io/hashicorp/azurerm\"]",
      "instances": [
        {
          "schema_version": 0,
          "attributes": {
            "allocation_method": "Static",
            "ddos_protection_mode": "VirtualNetworkInherited",
            "ddos_protection_plan_id": null,
            "domain_name_label": null,
            "edge_zone": "",
            "fqdn": null,
            "id": "/subscriptions/664b6097-19f2-42a3-be95-a4a6b4069f6b/resourceGroups/sa1_test_eic_TejalDave/providers/Microsoft.Network/publicIPAddresses/jaydeep_vm_ip",
            "idle_timeout_in_minutes": 4,
            "ip_address": "137.116.137.151",
            "ip_tags": {},
            "ip_version": "IPv4",
            "location": "southeastasia",
            "name": "jaydeep_vm_ip",
            "public_ip_prefix_id": null,
            "resource_group_name": "sa1_test_eic_TejalDave",
            "reverse_fqdn": null,
            "sku": "Standard",
            "sku_tier": "Regional",
            "tags": {},
            "timeouts": null,
            "zones": []
          },
          "sensitive_attributes": [],
          "private": "eyJlMmJmYjczMC1lY2FhLTExZTYtOGY4OC0zNDM2M2JjN2M0YzAiOnsiY3JlYXRlIjoxODAwMDAwMDAwMDAwLCJkZWxldGUiOjE4MDAwMDAwMDAwMDAsInJlYWQiOjMwMDAwMDAwMDAwMCwidXBkYXRlIjoxODAwMDAwMDAwMDAwfX0="
        }
      ]
    },
    {
      "module": "module.app_gateway",
      "mode": "managed",
      "type": "azurerm_subnet",
      "name": "jaydeep_vm_subnet",
      "provider": "provider[\"registry.terraform.io/hashicorp/azurerm\"]",
      "instances": [
        {
          "schema_version": 0,
          "attributes": {
            "address_prefixes": [
              "10.0.2.0/24"
            ],
            "delegation": [],
            "enforce_private_link_endpoint_network_policies": false,
            "enforce_private_link_service_network_policies": false,
            "id": "/subscriptions/664b6097-19f2-42a3-be95-a4a6b4069f6b/resourceGroups/sa1_test_eic_TejalDave/providers/Microsoft.Network/virtualNetworks/jaydeep-vm_network/subnets/jaydeep_vm_subnet",
            "name": "jaydeep_vm_subnet",
            "private_endpoint_network_policies_enabled": true,
            "private_link_service_network_policies_enabled": true,
            "resource_group_name": "sa1_test_eic_TejalDave",
            "service_endpoint_policy_ids": [],
            "service_endpoints": [],
            "timeouts": null,
            "virtual_network_name": "jaydeep-vm_network"
          },
          "sensitive_attributes": [],
          "private": "eyJlMmJmYjczMC1lY2FhLTExZTYtOGY4OC0zNDM2M2JjN2M0YzAiOnsiY3JlYXRlIjoxODAwMDAwMDAwMDAwLCJkZWxldGUiOjE4MDAwMDAwMDAwMDAsInJlYWQiOjMwMDAwMDAwMDAwMCwidXBkYXRlIjoxODAwMDAwMDAwMDAwfX0=",
          "dependencies": [
            "module.app_gateway.azurerm_virtual_network.jaydeep-vm_network"
          ]
        }
      ]
    },
    {
      "module": "module.app_gateway",
      "mode": "managed",
      "type": "azurerm_virtual_network",
      "name": "jaydeep-vm_network",
      "provider": "provider[\"registry.terraform.io/hashicorp/azurerm\"]",
      "instances": [
        {
          "schema_version": 0,
          "attributes": {
            "address_space": [
              "10.0.0.0/16"
            ],
            "bgp_community": "",
            "ddos_protection_plan": [],
            "dns_servers": [],
            "edge_zone": "",
            "encryption": [],
            "flow_timeout_in_minutes": 0,
            "guid": "1839ff5e-ad82-4dd4-a612-90b6198d4b7b",
            "id": "/subscriptions/664b6097-19f2-42a3-be95-a4a6b4069f6b/resourceGroups/sa1_test_eic_TejalDave/providers/Microsoft.Network/virtualNetworks/jaydeep-vm_network",
            "location": "southeastasia",
            "name": "jaydeep-vm_network",
            "resource_group_name": "sa1_test_eic_TejalDave",
            "subnet": [
              {
                "address_prefix": "10.0.2.0/24",
                "id": "/subscriptions/664b6097-19f2-42a3-be95-a4a6b4069f6b/resourceGroups/sa1_test_eic_TejalDave/providers/Microsoft.Network/virtualNetworks/jaydeep-vm_network/subnets/jaydeep_vm_subnet",
                "name": "jaydeep_vm_subnet",
                "security_group": ""
              }
            ],
            "tags": {},
            "timeouts": null
          },
          "sensitive_attributes": [],
          "private": "eyJlMmJmYjczMC1lY2FhLTExZTYtOGY4OC0zNDM2M2JjN2M0YzAiOnsiY3JlYXRlIjoxODAwMDAwMDAwMDAwLCJkZWxldGUiOjE4MDAwMDAwMDAwMDAsInJlYWQiOjMwMDAwMDAwMDAwMCwidXBkYXRlIjoxODAwMDAwMDAwMDAwfX0="
        }
      ]
    },
    {
      "module": "module.k8s",
      "mode": "managed",
      "type": "azurerm_kubernetes_cluster",
      "name": "jaydeep_demo_cluster",
      "provider": "provider[\"registry.terraform.io/hashicorp/azurerm\"]",
      "instances": [
        {
          "schema_version": 2,
          "attributes": {
            "aci_connector_linux": [],
            "api_server_access_profile": [],
            "api_server_authorized_ip_ranges": [],
            "auto_scaler_profile": [],
            "automatic_channel_upgrade": "",
            "azure_active_directory_role_based_access_control": [],
            "azure_policy_enabled": false,
            "confidential_computing": [],
            "custom_ca_trust_certificates_base64": [],
            "default_node_pool": [
              {
                "capacity_reservation_group_id": "",
                "custom_ca_trust_enabled": false,
                "enable_auto_scaling": false,
                "enable_host_encryption": false,
                "enable_node_public_ip": false,
                "fips_enabled": false,
                "gpu_instance": "",
                "host_group_id": "",
                "kubelet_config": [],
                "kubelet_disk_type": "OS",
                "linux_os_config": [],
                "max_count": 0,
                "max_pods": 110,
                "message_of_the_day": "",
                "min_count": 0,
                "name": "default",
                "node_count": 1,
                "node_labels": {},
                "node_network_profile": [],
                "node_public_ip_prefix_id": "",
                "node_taints": [],
                "only_critical_addons_enabled": false,
                "orchestrator_version": "1.27.7",
                "os_disk_size_gb": 128,
                "os_disk_type": "Managed",
                "os_sku": "Ubuntu",
                "pod_subnet_id": "",
                "proximity_placement_group_id": "",
                "scale_down_mode": "Delete",
                "snapshot_id": "",
                "tags": {},
                "temporary_name_for_rotation": "",
                "type": "VirtualMachineScaleSets",
                "ultra_ssd_enabled": false,
                "upgrade_settings": [],
                "vm_size": "Standard_D2_v2",
                "vnet_subnet_id": "",
                "workload_runtime": "",
                "zones": []
              }
            ],
            "disk_encryption_set_id": "",
            "dns_prefix": "demotest",
            "dns_prefix_private_cluster": "",
            "edge_zone": "",
            "enable_pod_security_policy": false,
            "fqdn": "demotest-7zrafg7k.hcp.southeastasia.azmk8s.io",
            "http_application_routing_enabled": false,
            "http_application_routing_zone_name": "",
            "http_proxy_config": [],
            "id": "/subscriptions/664b6097-19f2-42a3-be95-a4a6b4069f6b/resourceGroups/sa1_test_eic_TejalDave/providers/Microsoft.ContainerService/managedClusters/jaydeep_demo_cluster",
            "identity": [
              {
                "identity_ids": [],
                "principal_id": "6a2cd8c4-a04e-486e-beaa-cf250a81ca39",
                "tenant_id": "0adb040b-ca22-4ca6-9447-ab7b049a22ff",
                "type": "SystemAssigned"
              }
            ],
            "image_cleaner_enabled": false,
            "image_cleaner_interval_hours": 48,
            "ingress_application_gateway": [],
            "key_management_service": [],
            "key_vault_secrets_provider": [],
            "kube_admin_config": [],
            "kube_admin_config_raw": "",
            "kube_config": [
              {
                "client_certificate": "LS0tLS1CRUdJTiBDRVJUSUZJQ0FURS0tLS0tCk1JSUZIakNDQXdhZ0F3SUJBZ0lSQU0yVG5aS3l5VklzUCtiS1FmMzExd013RFFZSktvWklodmNOQVFFTEJRQXcKRFRFTE1Ba0dBMVVFQXhNQ1kyRXdIaGNOTWpRd01UQTVNRFl4TlRFMVdoY05Nall3TVRBNU1EWXlOVEUxV2pBdwpNUmN3RlFZRFZRUUtFdzV6ZVhOMFpXMDZiV0Z6ZEdWeWN6RVZNQk1HQTFVRUF4TU1iV0Z6ZEdWeVkyeHBaVzUwCk1JSUNJakFOQmdrcWhraUc5dzBCQVFFRkFBT0NBZzhBTUlJQ0NnS0NBZ0VBMWRwaUZDeTFoRE1iN2V5Rk5SVjkKamF0ZDQ5NjVlVlNrOWNZN0s1a3NiZGZueFJDdENMWGxSQlBQUndQditXcCtyd2pidUNoZXJSb3hmaWtvd1N0RQpDSnBXbnR1NkpKcHdEOTJIR1AzU2hUM29wM2UzNkhaMjRGTEVkL3Z6bW5MM1Y0b0ZJU0Z0Q0EyK29RQTJiYXBjCnd3MVdMZ3loODRLYld0d09FcjdoNXVlb0w2QWx1c0l3UDNGcDR4OGE3bHhNdlRNOE1nWExLNWFFSmVzSG9zejUKT3B2NVI1elVaWFJ3R2prN0M5dW9ZNkVLN3pJdzI3OVVDUDBRUW4yUGJ5Z09xNnIyL1NnaDRjWGx5cGFkMnBjbwpJWDNRdXpXSjFSWG9Rb1U2MWhoNC9uRkduNDN5bElhU3lVK00zZTd6WmtmWXB0WnphWWFFS0l3UzBxZlRTemMwCjlZZ3NRKzVXMmswV3J3bEplMVJnT3ZCRDV5NU5CUEJqTGFhQklqRlcvSnlZZzlZaHNxayt3bDRGSTUvMHcrYmsKNUVBOGQwVGhvbkZPOHZsN1JleXhLanNlWGExak5FTExuOEdWNGlsYlB5Y2tOSjlBbGNDYXlBbjVPTExndVllYQpwSGhvTFBtdUxRTzdsd3Ywbk5FMDRmVzBDcUhKV3Y5YkJyQ0U2eGh1eGZtRHhsWjQ3U3R0QndxMk5mRG9Ic1I4CmQ0YngwdldwUnljZFo0ZC9HRW1MNjhFYzJ6MnladVJpVUxuNW05eHdNbFJZZXVsQ2FmQnVHR2VmdGtiVWtxTXMKYXg5Rm9mMTZMNGxCM05nL1pJU3BCdXV4a001aUJIY0Q0bkRzYkRLOWxYT1Y2Y1ZnSFpnSU4xWUVTcW40NWY1OApVaTcrOVdIQWR1U3JNSGMrVTljT0pRa0NBd0VBQWFOV01GUXdEZ1lEVlIwUEFRSC9CQVFEQWdXZ01CTUdBMVVkCkpRUU1NQW9HQ0NzR0FRVUZCd01DTUF3R0ExVWRFd0VCL3dRQ01BQXdId1lEVlIwakJCZ3dGb0FVR3Nmc04rdXcKTnIyekh5eVlCY3pySThWTkVYTXdEUVlKS29aSWh2Y05BUUVMQlFBRGdnSUJBREU3RUZ1Z0JOQVMzckRzWm5yMApua1VyQUoxZzU0Z3Z3VTkxZjJmZkZRL2F4U2tEUFcvNHZocDAvWDVsOWVuRDVYaExuOFdKMGVaaDVHbW1qanArCk1ncElxb0xpSXRoR2QrWnB2eWg1MkJ3cVR2cnZyVVo0R0pCWG5vZ0c0VkVCZUROUFdhbGFoUTMzd2JNTVlkZFYKR2U5dWROUXVzZyttdERFME44ZGUvczg0RkR4NGhzekprK0J4OFI5U3dTZ1hDRTZxN010ZkQ1dHZaNUFNckxOSwpDQTRUMFpZZUZoRGE4NEFJYlRBcE5PVExhckhkL0M0ZUdrZTZtT2thMXNHbWNCZ0VjZ2dEQ3lTamo0Vk13SXRSCjVTNXRYdklvZ2ZHaHdlai83OTNKL3FVMFhvV0FjRHE4K1JyT0wzN2VOd2NvanUwVjRYSW9tL1IvZEJBaU8vQUUKY2dUSFNzTC9GNXpwV3dlRnI3eE1MZVlSejA2b0tZWGd4WGRUaEEyNTF3TWJQYmlUa1kxelh0YlhhL2E5SU9MQgplZVRqcTcxWjlNQitqNStvZlR3MHdGbllhNUg1aVVYYXNPOGluRUlvN09UR0xPbnhsNDJYK0hpOG5UVi9FUlBMCjNxdmoxWFo4aEljYmk3VGFIZ0t1WWoyR0RnRVFYWEtwM2l2cHltNC9ENU5uZWNGRjhiSTZVY0Y1bmR1WmZDVlIKb3JsRmdjMXJkd0l2Nzg3aGNmd0pobFF2aWV4dmt2b2dLQnpVYUtsUEV5cUdGNXZDK044TjJqcHJpZTFqcjYxcgpnaU41Y0Zwb0JuNG45ZUZzazFzNlMwVmRkalJCamtDT0FCTEdoTXhtS2RHRG1TK3pqTUowNkFUTzNHd3FQb3ZnCnlMZWNDcVlWYnI3eHkrY0xyM3pmd2IyWAotLS0tLUVORCBDRVJUSUZJQ0FURS0tLS0tCg==",
                "client_key": "LS0tLS1CRUdJTiBSU0EgUFJJVkFURSBLRVktLS0tLQpNSUlKS1FJQkFBS0NBZ0VBMWRwaUZDeTFoRE1iN2V5Rk5SVjlqYXRkNDk2NWVWU2s5Y1k3SzVrc2JkZm54UkN0CkNMWGxSQlBQUndQditXcCtyd2pidUNoZXJSb3hmaWtvd1N0RUNKcFdudHU2Skpwd0Q5MkhHUDNTaFQzb3AzZTMKNkhaMjRGTEVkL3Z6bW5MM1Y0b0ZJU0Z0Q0EyK29RQTJiYXBjd3cxV0xneWg4NEtiV3R3T0VyN2g1dWVvTDZBbAp1c0l3UDNGcDR4OGE3bHhNdlRNOE1nWExLNWFFSmVzSG9zejVPcHY1UjV6VVpYUndHams3Qzl1b1k2RUs3ekl3CjI3OVVDUDBRUW4yUGJ5Z09xNnIyL1NnaDRjWGx5cGFkMnBjb0lYM1F1eldKMVJYb1FvVTYxaGg0L25GR240M3kKbElhU3lVK00zZTd6WmtmWXB0WnphWWFFS0l3UzBxZlRTemMwOVlnc1ErNVcyazBXcndsSmUxUmdPdkJENXk1TgpCUEJqTGFhQklqRlcvSnlZZzlZaHNxayt3bDRGSTUvMHcrYms1RUE4ZDBUaG9uRk84dmw3UmV5eEtqc2VYYTFqCk5FTExuOEdWNGlsYlB5Y2tOSjlBbGNDYXlBbjVPTExndVllYXBIaG9MUG11TFFPN2x3djBuTkUwNGZXMENxSEoKV3Y5YkJyQ0U2eGh1eGZtRHhsWjQ3U3R0QndxMk5mRG9Ic1I4ZDRieDB2V3BSeWNkWjRkL0dFbUw2OEVjMnoyeQpadVJpVUxuNW05eHdNbFJZZXVsQ2FmQnVHR2VmdGtiVWtxTXNheDlGb2YxNkw0bEIzTmcvWklTcEJ1dXhrTTVpCkJIY0Q0bkRzYkRLOWxYT1Y2Y1ZnSFpnSU4xWUVTcW40NWY1OFVpNys5V0hBZHVTck1IYytVOWNPSlFrQ0F3RUEKQVFLQ0FnRUFqUnNTdWpNaDlqL3UvdGVnc1gwam9oWGYxdHFBVVdHYmt4d2dzTXpaOXdTT1JvYVJWZjBIY1JzTgpHdE9yUlV5U21KWGt2S2ZPaUxPTzBxci8zQzNiTHozL1I4UytGeWJjS0d2SWw2SHJoY1ZxdlEyT2lOR1o4THhNCkxNdFBXcXJmTDZDL2I3UHBpSFhoUWNTdEpVRlRBZFRMOTRpWVY5L20rRlhZNTErU0dWVGpzY0VmQkJMYjJSRFIKaUc1ZXk4YVZVQVg5Z3hnMWplWTcvZlVOemNzbjdCYzhyWmI2d3BMSTRWUy85RHdVNk9BN0ljZGhXNjNzR2g0NAoyMWFVRFFsR1hObHJMWEdNb2JkOXYyWVFkRXBteldxQ0R2VHRwRzlYR0lWbVpCd3p3ZGdtZkdNaUhBU0wyRThvCktNeGhTQ3pCOUp2dC9VUW44Y1V6S2xKWVpmbmdjNmwyL1ZSN2pjRmkvbmZaenBMay9meVBlK1lCbDdiWHh0aGEKSzNWTHBqaDFsZXVENHRBY2U2L3ZUOWovVm1vbmpHZWhxakliYTduZVZLTnNNeWozWUJXSm0xMWVLcHU3VWVHUAprQU1pQjRTVmNoOUp0M0NNWWk3TUpzYzk5N085d2RKRDh2OHNKVTlFVUtETysrblVCVkVhSWlGNjVtYm5UbTlHCjZ6VHJmM3hHMmkrYTZhK2J5UlM5MzNYNFJMQzZ5dkNRVTQ2MFNxVlF0S3UxZ2hMRFJHV0RWYVVuUDdRYXhJWU0KNFMxeTk5a2Z4cHE3ZXNRL2dTNFpuMWltMkpadzNKcjE5NHBoZnNxUUpPejR1VG1OR2hnNE5wVUFvd2xSVndwSgpDVVdXYjZ6NVNtbkJsMHkxR2dkK2V3T3JWUXljWmxUcTRWMVVUeVB2dldDYit1VXlTQUVDZ2dFQkFPNnh6azJ4CjdrcmFOT2NNQ21hLzR1V21BdkVYY2ZnZUxhMWVUWDFkcDZocUZ0bnJpY2NVWEVIL1pWTkFOOUtNaU9FL2RNVzIKQ1p3T0U2dEpvYkZmaDhyWGxEWlczTktUWWhvQzg4empCdDdDcnBhbGFyVHFFOXZvSytsWnl6Nm1vbzV4R0pwVApPZjBKY3VkSjVlMllSa3lkRWZQUXV1bjZvb2t5b3QzaHZ4L0RtSCtGSUovT0hXd2NOc3lhcFppdURiTEgyeEdxCmtlQlNFVW5yQ0MvYlYzZWJhTnQ5TGIzRWNNeFdNQWRvbEJQSUEyWWZSVGRkdmhlUklRNXJuTlNROHZyNWxXK1cKWGladEtRQTBrYldNVXIvYzRueGEzWTNmVXBhZzkrTmpJMElMWVFIUEkyWUdxQm9PSVV6aGJkUjU1ZGZSeUpDMAptMC9yN1ljU1Y5ZlVPd0VDZ2dFQkFPVmJoRVZZbmdBMUI5R2Vqb2U0c1pjdDQwSm5kc0NadmJpcEwra0VUZll0CmM5MGFXZkxleFltMWRRZ09NcDV5cVlnOUcyTE1QL3ZEVEtscEpuV3AzMUNXb1l2Z3JuT2N2MTZBRnhTOGYyY0MKN0ZWWHNYYmhJWnhXU3cxQ2VsQXd6WW9NMVlyZDNqVjQ1cWd6VUoyZ0lTNGlSdnh6OExpd00vOGcwc1V4b3dXOApDMHlxYXlEUENFNU5jQVVmbUZjUktlbjZTYVBodzFPOVE5bTMyMURUc2lreUdZUGVyZHMxMzYvSERYUDUwcDdLCk1GT205ajJMOUdKSk1jcXhZT2VaV1lNNHJvQXBRTUpoYmo5UVBCVlc3R3BoU2ZCbVBVVmM1UlJwU0RiQVdobzcKOHcxTFhRTEJoS1ZMTUNFZEgrdWdubUYxVTZhWWYwZkZCcFpZVkE1eUVna0NnZ0VBYjl4aCsyVk1jRVhNanc3RQpmUnlsLzh1S0MyUmFZOVg0d0F1MnN1N0dHSllIT1g4NXBWTjBYUFdNamJSRnRPVnBiRzRwa2xKYU5Ja2dUS0NJCkp6REcyWmVuL01NK1gyejBoNDRrcFRzcnlBOWlkSFQzQ2V1OC9NelViMXBHZG9qdkcyUURES2UrUUVoQ1VnUCsKdmhjanN0blZSUGJuOGFra3JMbFBQRDZFTENXay9QWHRzUmFPRVZFem1UVk1MNzQ1NnpQZ0JXcHpUTFlKSmlRQQpSVFU4eTIvSWR6dzF5SDRjQXBiTmtWdEFNZmtGSnNHMjFWaVlNa0V3UmFyRzU1TTZXOFhGYzNMN2tuU0x4MjNiCmIwSmdzVXVaMUg5YzN4VHVobXJQWVAvZjBSNjJDbndCY2RuaXc3c2xmZnNUVm9UOTR1T01ZOHhRRU9kVy9IcnIKTWRsakFRS0NBUUVBcmM2c2JlQzUyMjVVZm9XcGZUQjVaQmRpSVBCSERhMTBHSHdkMG5kd25SM1VyN2xJY01SZwo3ZnFVdFlZTTFnWU9jeS9ia1FNM2VaS0doZHNwU2dGeE9hRHN5eE41SUNPbzRmUXZpWWRQQk1FeVYzb2RBZm1aCmZ0L21BQ1pnaW1SeFhpeGJwdUI3aEFvYXdWd2h1MUdkMDFnbWN5bHBRb3hFMnhJRXAycjJIMkpoTGJmM2R1VnQKWmVsSStwajIyUVFvdnlic3AwUnV3UWFzWkZEdjRsQ0tzcTFFcUtvWEZnZTllM2RjdW9hWEZiNGk0VUdsV1A2MgpNOFZEOWxaMUdRMGN5RlFyNlBOYUgvTzFtRVUxUXZhY01nR0lCcVZ6eVJ5Y2ZOdEwzakhtRmZ0WU5Mcm53UzdsClZsMmtHM1AydkpqN2JOOThoTU1Mc1ZlZHBsRkpZYWtRQVFLQ0FRQmtPQkFjbTZ2emxFU1FOSlNyaVFCK1hFbFMKZ2VqUFdoQ1l3SzErT1JteHJWTWxXVmJTV3dXR1FtSmxUVDJlU2JGUGxCMjlHZkZUc05TTncxbmRkdko5WHR4YgpPZElkNzROSUFPWFFiaXhPdm9XckxJS3F2U016ZHNieUN6TUNZUHdWMVFCTmFLL1hNZldYUk02azlTQVhUTDMwCnE1V3hCMlJidDFYUkk3QVZ1U1BEdEt1bzVHT2hrNERsZzR3OGRlNmQrNFkxallEQjA5OWRXRUtDZy85azF4aGoKOVI4K1YyQi80eGpUNzdhTjhuYWVDSzVQQ3hWelZSMDN4ZDY3Zkt0NisyRzlwY09aTjUzckxlODVBM0puZFRVRwpEOVFKdWlTMmQ2OUhIeG5ISmk5YUF0NUpJQnNLcEVhb2ZmZHVEZWRNeGlPRU1tOEtuZnlTRy9lanVVTkkKLS0tLS1FTkQgUlNBIFBSSVZBVEUgS0VZLS0tLS0K",
                "cluster_ca_certificate": "LS0tLS1CRUdJTiBDRVJUSUZJQ0FURS0tLS0tCk1JSUU2VENDQXRHZ0F3SUJBZ0lSQU5xbldLQnRUcjQ3VW9yK2pPd0tnL3N3RFFZSktvWklodmNOQVFFTEJRQXcKRFRFTE1Ba0dBMVVFQXhNQ1kyRXdJQmNOTWpRd01UQTVNRFl4TlRFMVdoZ1BNakExTkRBeE1Ea3dOakkxTVRWYQpNQTB4Q3pBSkJnTlZCQU1UQW1OaE1JSUNJakFOQmdrcWhraUc5dzBCQVFFRkFBT0NBZzhBTUlJQ0NnS0NBZ0VBCnVwUVRFOUVIRzEvRTAveFg2ZjJ3NXJmWlZmSzJ6QmpZZzh2aEZoVFZ0TmFiVnBndDdFQ2FnT05jOHRzK1JFT3oKdkxCZFRoMTlUaHhnUzVvR0k4aDFFVjZWRS9yak8yYU9LK0MrS1pBaDN3cGxtSXBnUnprQ0ZFSlMrVXpEQitYVQpzdE9MRDdJdlFzNGxid2lJc0M3QmJwQnN4bjZOMmMxeGhiU2tQd1hGbW9qT0JteEh4VVRlRFBDaXM1RDBxbkJDCk9Hd0RvbkFMVnhHQ1UrZG9pMS8wb0U2UlA5MHkxRC85cmhETFhuTzluUnA5QlpnZXpCeXJXb21Vem5zUGVrQS8KK2tGVzdmUWRuRmcrUmI1aVo0Q0FjZnFPa2FSZlRDbHo2NzFSMng4cmJWbnppeFozUkdHMk5IODdBK1ovZUZXTQpwY0kyNEVwRFBHMC9Cb3FQMEVZdGlBOHVzUmhwM1NSNWJsamFhRDVXcDlENVJueHgxZGJVYVg2TE16eUZQNENZCnZQUnhzTFhnUXpWYUQ4TXNuK2N0ME94YzJUeUV3ZlFnczV4djRFbGxKZTFYNXhRd3pjNkhXN2dDVTEzTi9VOG0KUUN1Tnl4TVcvVHA1dGI4bzM1dFh1SzRZbjhTLyswdUJ6ekh6aEp6TVB1MnBtTnBGcmpXUVNlaDlETERPOWRUYgpMQ0RlNktvKysyVzVrbVJQeVFac2xOMGlrbEFmd3FyUE5iNnZISERJMHVYSE9MUmlVWmV5NE5HRkYxUGxSQlVHCnZsYnRMV2JUMVRJMmkrbDhEMjNEOEh1OG43QTVaMHpYVnlHc3JQUjE0R1dFT2JBUmNNKzJqR2h1MlI2MDMxSVQKcy9VMVhBTTg4cHlkR1dZUWo1MjNKSnl5by9xbUoyU3dHZnh0MzBaeURPMENBd0VBQWFOQ01FQXdEZ1lEVlIwUApBUUgvQkFRREFnS2tNQThHQTFVZEV3RUIvd1FGTUFNQkFmOHdIUVlEVlIwT0JCWUVGQnJIN0RmcnNEYTlzeDhzCm1BWE02eVBGVFJGek1BMEdDU3FHU0liM0RRRUJDd1VBQTRJQ0FRQU9PR1Blcm1oV0hkOU9DNm01SStFQ0tEZksKZmNBMXZ0NDIvd05tK2NmT1h5ZVRpTkkwQ2tDcDYvOSs3RmNBdFJWZ3lhQ05ocEtraFJ1cXlyOS9FUlBVM0kvdQpucmpOZGx5bksvczY2TzVQRTFOcWRCeWRSckpabXBnZUd4NUp3MjFpdUtTaUt6aFJNVGRRZ3F3R1JqWXk4WTg0CmE3d2xpdlRsblI3czUvMnVUSmovdG5hTVVtQ084N3hmaEdPSndUcDJtT24xdHpnSUUydW5yR0M2V2xKMU95RWgKSnJ2S2tscVRmc1FNb0M1L1lpZDRpbGY0ZUpzdHZsU2NwUFRmU0lsellRY2RkYkI3RkxBVmRUL3RBZ1lRUllGaQowdExackVYWHRKVnJQSENndkFXZkpoNkFBYjZPWjIwY21Fb25TMEZ5bEVxQ1NwSHB1N0xCSmttV2h3RGZZalVqCk5tVWF6ajVGUHp1NlV6elpTVFB1bDNOWTcvcG9TTUwwQUVlaFhEa25PZkxQcE5reHFJejEvNWdZcjVxR1ljMDYKWmtyT1ArVHV5SmNhU293UUgyZ3FRYmhOTFZhVVJwK1BNNThIeWREellaWlM2TmR6RXM5V0RydXVQOG03ZHM4TgpLdVRCcE5PQzRmQ1FqdUt3Z1d3YUZSc1MvVWg0QmQ5c0VQTXJFZnVsL0R3K3BIb3g4NTZqOEJjYk8zdXRibExxCkt5TjZIOXJYSWNvZloxL25uMXcxM0lzeXFNbTZudFJBczVaNDNjbzl1WXk4cWs0K2xzMUVzd0gyS3JWSm13ZjUKZXBKSDAzVnI2b2dndm8vSkxhQlRFbUJ3UnJtMVphNzZWQ2g2N1haZEZiN1loRE1kbGdqeE1Ya2V4YVhaT3F2bgp1RlZsTnNTNmYvbUU2RGpQVEE9PQotLS0tLUVORCBDRVJUSUZJQ0FURS0tLS0tCg==",
                "host": "https://demotest-7zrafg7k.hcp.southeastasia.azmk8s.io:443",
                "password": "933oi91l8vhrb5h471zxd7jtvm6yvg0y2zatyq14e0lzcmy2u5blgxmx2z21onlyepzh8b35dnrx3bsgeqvkxto80tue90map9gpuqyflqwtf2m33qqjyvtka1581cww",
                "username": "clusterUser_sa1_test_eic_TejalDave_jaydeep_demo_cluster"
              }
            ],
            "kube_config_raw": "apiVersion: v1\nclusters:\n- cluster:\n    certificate-authority-data: LS0tLS1CRUdJTiBDRVJUSUZJQ0FURS0tLS0tCk1JSUU2VENDQXRHZ0F3SUJBZ0lSQU5xbldLQnRUcjQ3VW9yK2pPd0tnL3N3RFFZSktvWklodmNOQVFFTEJRQXcKRFRFTE1Ba0dBMVVFQXhNQ1kyRXdJQmNOTWpRd01UQTVNRFl4TlRFMVdoZ1BNakExTkRBeE1Ea3dOakkxTVRWYQpNQTB4Q3pBSkJnTlZCQU1UQW1OaE1JSUNJakFOQmdrcWhraUc5dzBCQVFFRkFBT0NBZzhBTUlJQ0NnS0NBZ0VBCnVwUVRFOUVIRzEvRTAveFg2ZjJ3NXJmWlZmSzJ6QmpZZzh2aEZoVFZ0TmFiVnBndDdFQ2FnT05jOHRzK1JFT3oKdkxCZFRoMTlUaHhnUzVvR0k4aDFFVjZWRS9yak8yYU9LK0MrS1pBaDN3cGxtSXBnUnprQ0ZFSlMrVXpEQitYVQpzdE9MRDdJdlFzNGxid2lJc0M3QmJwQnN4bjZOMmMxeGhiU2tQd1hGbW9qT0JteEh4VVRlRFBDaXM1RDBxbkJDCk9Hd0RvbkFMVnhHQ1UrZG9pMS8wb0U2UlA5MHkxRC85cmhETFhuTzluUnA5QlpnZXpCeXJXb21Vem5zUGVrQS8KK2tGVzdmUWRuRmcrUmI1aVo0Q0FjZnFPa2FSZlRDbHo2NzFSMng4cmJWbnppeFozUkdHMk5IODdBK1ovZUZXTQpwY0kyNEVwRFBHMC9Cb3FQMEVZdGlBOHVzUmhwM1NSNWJsamFhRDVXcDlENVJueHgxZGJVYVg2TE16eUZQNENZCnZQUnhzTFhnUXpWYUQ4TXNuK2N0ME94YzJUeUV3ZlFnczV4djRFbGxKZTFYNXhRd3pjNkhXN2dDVTEzTi9VOG0KUUN1Tnl4TVcvVHA1dGI4bzM1dFh1SzRZbjhTLyswdUJ6ekh6aEp6TVB1MnBtTnBGcmpXUVNlaDlETERPOWRUYgpMQ0RlNktvKysyVzVrbVJQeVFac2xOMGlrbEFmd3FyUE5iNnZISERJMHVYSE9MUmlVWmV5NE5HRkYxUGxSQlVHCnZsYnRMV2JUMVRJMmkrbDhEMjNEOEh1OG43QTVaMHpYVnlHc3JQUjE0R1dFT2JBUmNNKzJqR2h1MlI2MDMxSVQKcy9VMVhBTTg4cHlkR1dZUWo1MjNKSnl5by9xbUoyU3dHZnh0MzBaeURPMENBd0VBQWFOQ01FQXdEZ1lEVlIwUApBUUgvQkFRREFnS2tNQThHQTFVZEV3RUIvd1FGTUFNQkFmOHdIUVlEVlIwT0JCWUVGQnJIN0RmcnNEYTlzeDhzCm1BWE02eVBGVFJGek1BMEdDU3FHU0liM0RRRUJDd1VBQTRJQ0FRQU9PR1Blcm1oV0hkOU9DNm01SStFQ0tEZksKZmNBMXZ0NDIvd05tK2NmT1h5ZVRpTkkwQ2tDcDYvOSs3RmNBdFJWZ3lhQ05ocEtraFJ1cXlyOS9FUlBVM0kvdQpucmpOZGx5bksvczY2TzVQRTFOcWRCeWRSckpabXBnZUd4NUp3MjFpdUtTaUt6aFJNVGRRZ3F3R1JqWXk4WTg0CmE3d2xpdlRsblI3czUvMnVUSmovdG5hTVVtQ084N3hmaEdPSndUcDJtT24xdHpnSUUydW5yR0M2V2xKMU95RWgKSnJ2S2tscVRmc1FNb0M1L1lpZDRpbGY0ZUpzdHZsU2NwUFRmU0lsellRY2RkYkI3RkxBVmRUL3RBZ1lRUllGaQowdExackVYWHRKVnJQSENndkFXZkpoNkFBYjZPWjIwY21Fb25TMEZ5bEVxQ1NwSHB1N0xCSmttV2h3RGZZalVqCk5tVWF6ajVGUHp1NlV6elpTVFB1bDNOWTcvcG9TTUwwQUVlaFhEa25PZkxQcE5reHFJejEvNWdZcjVxR1ljMDYKWmtyT1ArVHV5SmNhU293UUgyZ3FRYmhOTFZhVVJwK1BNNThIeWREellaWlM2TmR6RXM5V0RydXVQOG03ZHM4TgpLdVRCcE5PQzRmQ1FqdUt3Z1d3YUZSc1MvVWg0QmQ5c0VQTXJFZnVsL0R3K3BIb3g4NTZqOEJjYk8zdXRibExxCkt5TjZIOXJYSWNvZloxL25uMXcxM0lzeXFNbTZudFJBczVaNDNjbzl1WXk4cWs0K2xzMUVzd0gyS3JWSm13ZjUKZXBKSDAzVnI2b2dndm8vSkxhQlRFbUJ3UnJtMVphNzZWQ2g2N1haZEZiN1loRE1kbGdqeE1Ya2V4YVhaT3F2bgp1RlZsTnNTNmYvbUU2RGpQVEE9PQotLS0tLUVORCBDRVJUSUZJQ0FURS0tLS0tCg==\n    server: https://demotest-7zrafg7k.hcp.southeastasia.azmk8s.io:443\n  name: jaydeep_demo_cluster\ncontexts:\n- context:\n    cluster: jaydeep_demo_cluster\n    user: clusterUser_sa1_test_eic_TejalDave_jaydeep_demo_cluster\n  name: jaydeep_demo_cluster\ncurrent-context: jaydeep_demo_cluster\nkind: Config\npreferences: {}\nusers:\n- name: clusterUser_sa1_test_eic_TejalDave_jaydeep_demo_cluster\n  user:\n    client-certificate-data: LS0tLS1CRUdJTiBDRVJUSUZJQ0FURS0tLS0tCk1JSUZIakNDQXdhZ0F3SUJBZ0lSQU0yVG5aS3l5VklzUCtiS1FmMzExd013RFFZSktvWklodmNOQVFFTEJRQXcKRFRFTE1Ba0dBMVVFQXhNQ1kyRXdIaGNOTWpRd01UQTVNRFl4TlRFMVdoY05Nall3TVRBNU1EWXlOVEUxV2pBdwpNUmN3RlFZRFZRUUtFdzV6ZVhOMFpXMDZiV0Z6ZEdWeWN6RVZNQk1HQTFVRUF4TU1iV0Z6ZEdWeVkyeHBaVzUwCk1JSUNJakFOQmdrcWhraUc5dzBCQVFFRkFBT0NBZzhBTUlJQ0NnS0NBZ0VBMWRwaUZDeTFoRE1iN2V5Rk5SVjkKamF0ZDQ5NjVlVlNrOWNZN0s1a3NiZGZueFJDdENMWGxSQlBQUndQditXcCtyd2pidUNoZXJSb3hmaWtvd1N0RQpDSnBXbnR1NkpKcHdEOTJIR1AzU2hUM29wM2UzNkhaMjRGTEVkL3Z6bW5MM1Y0b0ZJU0Z0Q0EyK29RQTJiYXBjCnd3MVdMZ3loODRLYld0d09FcjdoNXVlb0w2QWx1c0l3UDNGcDR4OGE3bHhNdlRNOE1nWExLNWFFSmVzSG9zejUKT3B2NVI1elVaWFJ3R2prN0M5dW9ZNkVLN3pJdzI3OVVDUDBRUW4yUGJ5Z09xNnIyL1NnaDRjWGx5cGFkMnBjbwpJWDNRdXpXSjFSWG9Rb1U2MWhoNC9uRkduNDN5bElhU3lVK00zZTd6WmtmWXB0WnphWWFFS0l3UzBxZlRTemMwCjlZZ3NRKzVXMmswV3J3bEplMVJnT3ZCRDV5NU5CUEJqTGFhQklqRlcvSnlZZzlZaHNxayt3bDRGSTUvMHcrYmsKNUVBOGQwVGhvbkZPOHZsN1JleXhLanNlWGExak5FTExuOEdWNGlsYlB5Y2tOSjlBbGNDYXlBbjVPTExndVllYQpwSGhvTFBtdUxRTzdsd3Ywbk5FMDRmVzBDcUhKV3Y5YkJyQ0U2eGh1eGZtRHhsWjQ3U3R0QndxMk5mRG9Ic1I4CmQ0YngwdldwUnljZFo0ZC9HRW1MNjhFYzJ6MnladVJpVUxuNW05eHdNbFJZZXVsQ2FmQnVHR2VmdGtiVWtxTXMKYXg5Rm9mMTZMNGxCM05nL1pJU3BCdXV4a001aUJIY0Q0bkRzYkRLOWxYT1Y2Y1ZnSFpnSU4xWUVTcW40NWY1OApVaTcrOVdIQWR1U3JNSGMrVTljT0pRa0NBd0VBQWFOV01GUXdEZ1lEVlIwUEFRSC9CQVFEQWdXZ01CTUdBMVVkCkpRUU1NQW9HQ0NzR0FRVUZCd01DTUF3R0ExVWRFd0VCL3dRQ01BQXdId1lEVlIwakJCZ3dGb0FVR3Nmc04rdXcKTnIyekh5eVlCY3pySThWTkVYTXdEUVlKS29aSWh2Y05BUUVMQlFBRGdnSUJBREU3RUZ1Z0JOQVMzckRzWm5yMApua1VyQUoxZzU0Z3Z3VTkxZjJmZkZRL2F4U2tEUFcvNHZocDAvWDVsOWVuRDVYaExuOFdKMGVaaDVHbW1qanArCk1ncElxb0xpSXRoR2QrWnB2eWg1MkJ3cVR2cnZyVVo0R0pCWG5vZ0c0VkVCZUROUFdhbGFoUTMzd2JNTVlkZFYKR2U5dWROUXVzZyttdERFME44ZGUvczg0RkR4NGhzekprK0J4OFI5U3dTZ1hDRTZxN010ZkQ1dHZaNUFNckxOSwpDQTRUMFpZZUZoRGE4NEFJYlRBcE5PVExhckhkL0M0ZUdrZTZtT2thMXNHbWNCZ0VjZ2dEQ3lTamo0Vk13SXRSCjVTNXRYdklvZ2ZHaHdlai83OTNKL3FVMFhvV0FjRHE4K1JyT0wzN2VOd2NvanUwVjRYSW9tL1IvZEJBaU8vQUUKY2dUSFNzTC9GNXpwV3dlRnI3eE1MZVlSejA2b0tZWGd4WGRUaEEyNTF3TWJQYmlUa1kxelh0YlhhL2E5SU9MQgplZVRqcTcxWjlNQitqNStvZlR3MHdGbllhNUg1aVVYYXNPOGluRUlvN09UR0xPbnhsNDJYK0hpOG5UVi9FUlBMCjNxdmoxWFo4aEljYmk3VGFIZ0t1WWoyR0RnRVFYWEtwM2l2cHltNC9ENU5uZWNGRjhiSTZVY0Y1bmR1WmZDVlIKb3JsRmdjMXJkd0l2Nzg3aGNmd0pobFF2aWV4dmt2b2dLQnpVYUtsUEV5cUdGNXZDK044TjJqcHJpZTFqcjYxcgpnaU41Y0Zwb0JuNG45ZUZzazFzNlMwVmRkalJCamtDT0FCTEdoTXhtS2RHRG1TK3pqTUowNkFUTzNHd3FQb3ZnCnlMZWNDcVlWYnI3eHkrY0xyM3pmd2IyWAotLS0tLUVORCBDRVJUSUZJQ0FURS0tLS0tCg==\n    client-key-data: LS0tLS1CRUdJTiBSU0EgUFJJVkFURSBLRVktLS0tLQpNSUlKS1FJQkFBS0NBZ0VBMWRwaUZDeTFoRE1iN2V5Rk5SVjlqYXRkNDk2NWVWU2s5Y1k3SzVrc2JkZm54UkN0CkNMWGxSQlBQUndQditXcCtyd2pidUNoZXJSb3hmaWtvd1N0RUNKcFdudHU2Skpwd0Q5MkhHUDNTaFQzb3AzZTMKNkhaMjRGTEVkL3Z6bW5MM1Y0b0ZJU0Z0Q0EyK29RQTJiYXBjd3cxV0xneWg4NEtiV3R3T0VyN2g1dWVvTDZBbAp1c0l3UDNGcDR4OGE3bHhNdlRNOE1nWExLNWFFSmVzSG9zejVPcHY1UjV6VVpYUndHams3Qzl1b1k2RUs3ekl3CjI3OVVDUDBRUW4yUGJ5Z09xNnIyL1NnaDRjWGx5cGFkMnBjb0lYM1F1eldKMVJYb1FvVTYxaGg0L25GR240M3kKbElhU3lVK00zZTd6WmtmWXB0WnphWWFFS0l3UzBxZlRTemMwOVlnc1ErNVcyazBXcndsSmUxUmdPdkJENXk1TgpCUEJqTGFhQklqRlcvSnlZZzlZaHNxayt3bDRGSTUvMHcrYms1RUE4ZDBUaG9uRk84dmw3UmV5eEtqc2VYYTFqCk5FTExuOEdWNGlsYlB5Y2tOSjlBbGNDYXlBbjVPTExndVllYXBIaG9MUG11TFFPN2x3djBuTkUwNGZXMENxSEoKV3Y5YkJyQ0U2eGh1eGZtRHhsWjQ3U3R0QndxMk5mRG9Ic1I4ZDRieDB2V3BSeWNkWjRkL0dFbUw2OEVjMnoyeQpadVJpVUxuNW05eHdNbFJZZXVsQ2FmQnVHR2VmdGtiVWtxTXNheDlGb2YxNkw0bEIzTmcvWklTcEJ1dXhrTTVpCkJIY0Q0bkRzYkRLOWxYT1Y2Y1ZnSFpnSU4xWUVTcW40NWY1OFVpNys5V0hBZHVTck1IYytVOWNPSlFrQ0F3RUEKQVFLQ0FnRUFqUnNTdWpNaDlqL3UvdGVnc1gwam9oWGYxdHFBVVdHYmt4d2dzTXpaOXdTT1JvYVJWZjBIY1JzTgpHdE9yUlV5U21KWGt2S2ZPaUxPTzBxci8zQzNiTHozL1I4UytGeWJjS0d2SWw2SHJoY1ZxdlEyT2lOR1o4THhNCkxNdFBXcXJmTDZDL2I3UHBpSFhoUWNTdEpVRlRBZFRMOTRpWVY5L20rRlhZNTErU0dWVGpzY0VmQkJMYjJSRFIKaUc1ZXk4YVZVQVg5Z3hnMWplWTcvZlVOemNzbjdCYzhyWmI2d3BMSTRWUy85RHdVNk9BN0ljZGhXNjNzR2g0NAoyMWFVRFFsR1hObHJMWEdNb2JkOXYyWVFkRXBteldxQ0R2VHRwRzlYR0lWbVpCd3p3ZGdtZkdNaUhBU0wyRThvCktNeGhTQ3pCOUp2dC9VUW44Y1V6S2xKWVpmbmdjNmwyL1ZSN2pjRmkvbmZaenBMay9meVBlK1lCbDdiWHh0aGEKSzNWTHBqaDFsZXVENHRBY2U2L3ZUOWovVm1vbmpHZWhxakliYTduZVZLTnNNeWozWUJXSm0xMWVLcHU3VWVHUAprQU1pQjRTVmNoOUp0M0NNWWk3TUpzYzk5N085d2RKRDh2OHNKVTlFVUtETysrblVCVkVhSWlGNjVtYm5UbTlHCjZ6VHJmM3hHMmkrYTZhK2J5UlM5MzNYNFJMQzZ5dkNRVTQ2MFNxVlF0S3UxZ2hMRFJHV0RWYVVuUDdRYXhJWU0KNFMxeTk5a2Z4cHE3ZXNRL2dTNFpuMWltMkpadzNKcjE5NHBoZnNxUUpPejR1VG1OR2hnNE5wVUFvd2xSVndwSgpDVVdXYjZ6NVNtbkJsMHkxR2dkK2V3T3JWUXljWmxUcTRWMVVUeVB2dldDYit1VXlTQUVDZ2dFQkFPNnh6azJ4CjdrcmFOT2NNQ21hLzR1V21BdkVYY2ZnZUxhMWVUWDFkcDZocUZ0bnJpY2NVWEVIL1pWTkFOOUtNaU9FL2RNVzIKQ1p3T0U2dEpvYkZmaDhyWGxEWlczTktUWWhvQzg4empCdDdDcnBhbGFyVHFFOXZvSytsWnl6Nm1vbzV4R0pwVApPZjBKY3VkSjVlMllSa3lkRWZQUXV1bjZvb2t5b3QzaHZ4L0RtSCtGSUovT0hXd2NOc3lhcFppdURiTEgyeEdxCmtlQlNFVW5yQ0MvYlYzZWJhTnQ5TGIzRWNNeFdNQWRvbEJQSUEyWWZSVGRkdmhlUklRNXJuTlNROHZyNWxXK1cKWGladEtRQTBrYldNVXIvYzRueGEzWTNmVXBhZzkrTmpJMElMWVFIUEkyWUdxQm9PSVV6aGJkUjU1ZGZSeUpDMAptMC9yN1ljU1Y5ZlVPd0VDZ2dFQkFPVmJoRVZZbmdBMUI5R2Vqb2U0c1pjdDQwSm5kc0NadmJpcEwra0VUZll0CmM5MGFXZkxleFltMWRRZ09NcDV5cVlnOUcyTE1QL3ZEVEtscEpuV3AzMUNXb1l2Z3JuT2N2MTZBRnhTOGYyY0MKN0ZWWHNYYmhJWnhXU3cxQ2VsQXd6WW9NMVlyZDNqVjQ1cWd6VUoyZ0lTNGlSdnh6OExpd00vOGcwc1V4b3dXOApDMHlxYXlEUENFNU5jQVVmbUZjUktlbjZTYVBodzFPOVE5bTMyMURUc2lreUdZUGVyZHMxMzYvSERYUDUwcDdLCk1GT205ajJMOUdKSk1jcXhZT2VaV1lNNHJvQXBRTUpoYmo5UVBCVlc3R3BoU2ZCbVBVVmM1UlJwU0RiQVdobzcKOHcxTFhRTEJoS1ZMTUNFZEgrdWdubUYxVTZhWWYwZkZCcFpZVkE1eUVna0NnZ0VBYjl4aCsyVk1jRVhNanc3RQpmUnlsLzh1S0MyUmFZOVg0d0F1MnN1N0dHSllIT1g4NXBWTjBYUFdNamJSRnRPVnBiRzRwa2xKYU5Ja2dUS0NJCkp6REcyWmVuL01NK1gyejBoNDRrcFRzcnlBOWlkSFQzQ2V1OC9NelViMXBHZG9qdkcyUURES2UrUUVoQ1VnUCsKdmhjanN0blZSUGJuOGFra3JMbFBQRDZFTENXay9QWHRzUmFPRVZFem1UVk1MNzQ1NnpQZ0JXcHpUTFlKSmlRQQpSVFU4eTIvSWR6dzF5SDRjQXBiTmtWdEFNZmtGSnNHMjFWaVlNa0V3UmFyRzU1TTZXOFhGYzNMN2tuU0x4MjNiCmIwSmdzVXVaMUg5YzN4VHVobXJQWVAvZjBSNjJDbndCY2RuaXc3c2xmZnNUVm9UOTR1T01ZOHhRRU9kVy9IcnIKTWRsakFRS0NBUUVBcmM2c2JlQzUyMjVVZm9XcGZUQjVaQmRpSVBCSERhMTBHSHdkMG5kd25SM1VyN2xJY01SZwo3ZnFVdFlZTTFnWU9jeS9ia1FNM2VaS0doZHNwU2dGeE9hRHN5eE41SUNPbzRmUXZpWWRQQk1FeVYzb2RBZm1aCmZ0L21BQ1pnaW1SeFhpeGJwdUI3aEFvYXdWd2h1MUdkMDFnbWN5bHBRb3hFMnhJRXAycjJIMkpoTGJmM2R1VnQKWmVsSStwajIyUVFvdnlic3AwUnV3UWFzWkZEdjRsQ0tzcTFFcUtvWEZnZTllM2RjdW9hWEZiNGk0VUdsV1A2MgpNOFZEOWxaMUdRMGN5RlFyNlBOYUgvTzFtRVUxUXZhY01nR0lCcVZ6eVJ5Y2ZOdEwzakhtRmZ0WU5Mcm53UzdsClZsMmtHM1AydkpqN2JOOThoTU1Mc1ZlZHBsRkpZYWtRQVFLQ0FRQmtPQkFjbTZ2emxFU1FOSlNyaVFCK1hFbFMKZ2VqUFdoQ1l3SzErT1JteHJWTWxXVmJTV3dXR1FtSmxUVDJlU2JGUGxCMjlHZkZUc05TTncxbmRkdko5WHR4YgpPZElkNzROSUFPWFFiaXhPdm9XckxJS3F2U016ZHNieUN6TUNZUHdWMVFCTmFLL1hNZldYUk02azlTQVhUTDMwCnE1V3hCMlJidDFYUkk3QVZ1U1BEdEt1bzVHT2hrNERsZzR3OGRlNmQrNFkxallEQjA5OWRXRUtDZy85azF4aGoKOVI4K1YyQi80eGpUNzdhTjhuYWVDSzVQQ3hWelZSMDN4ZDY3Zkt0NisyRzlwY09aTjUzckxlODVBM0puZFRVRwpEOVFKdWlTMmQ2OUhIeG5ISmk5YUF0NUpJQnNLcEVhb2ZmZHVEZWRNeGlPRU1tOEtuZnlTRy9lanVVTkkKLS0tLS1FTkQgUlNBIFBSSVZBVEUgS0VZLS0tLS0K\n    token: 933oi91l8vhrb5h471zxd7jtvm6yvg0y2zatyq14e0lzcmy2u5blgxmx2z21onlyepzh8b35dnrx3bsgeqvkxto80tue90map9gpuqyflqwtf2m33qqjyvtka1581cww\n",
            "kubelet_identity": [
              {
                "client_id": "31409fa4-b5f7-4da9-b62c-fa23280da928",
                "object_id": "561f3847-4164-4847-8363-68a1ad8c92a6",
                "user_assigned_identity_id": "/subscriptions/664b6097-19f2-42a3-be95-a4a6b4069f6b/resourceGroups/MC_sa1_test_eic_TejalDave_jaydeep_demo_cluster_southeastasia/providers/Microsoft.ManagedIdentity/userAssignedIdentities/jaydeep_demo_cluster-agentpool"
              }
            ],
            "kubernetes_version": "1.27.7",
            "linux_profile": [],
            "local_account_disabled": false,
            "location": "southeastasia",
            "maintenance_window": [],
            "maintenance_window_auto_upgrade": [],
            "maintenance_window_node_os": [],
            "microsoft_defender": [],
            "monitor_metrics": [],
            "name": "jaydeep_demo_cluster",
            "network_profile": [
              {
                "dns_service_ip": "10.0.0.10",
                "docker_bridge_cidr": "",
                "ebpf_data_plane": "",
                "ip_versions": [
                  "IPv4"
                ],
                "load_balancer_profile": [
                  {
                    "effective_outbound_ips": [
                      "/subscriptions/664b6097-19f2-42a3-be95-a4a6b4069f6b/resourceGroups/MC_sa1_test_eic_TejalDave_jaydeep_demo_cluster_southeastasia/providers/Microsoft.Network/publicIPAddresses/f7aa324e-950c-4765-8282-18eb415d8775"
                    ],
                    "idle_timeout_in_minutes": 0,
                    "managed_outbound_ip_count": 1,
                    "managed_outbound_ipv6_count": 0,
                    "outbound_ip_address_ids": [],
                    "outbound_ip_prefix_ids": [],
                    "outbound_ports_allocated": 0
                  }
                ],
                "load_balancer_sku": "standard",
                "nat_gateway_profile": [],
                "network_mode": "",
                "network_plugin": "kubenet",
                "network_plugin_mode": "",
                "network_policy": "",
                "outbound_type": "loadBalancer",
                "pod_cidr": "10.244.0.0/16",
                "pod_cidrs": [
                  "10.244.0.0/16"
                ],
                "service_cidr": "10.0.0.0/16",
                "service_cidrs": [
                  "10.0.0.0/16"
                ]
              }
            ],
            "node_os_channel_upgrade": null,
            "node_resource_group": "MC_sa1_test_eic_TejalDave_jaydeep_demo_cluster_southeastasia",
            "node_resource_group_id": "/subscriptions/664b6097-19f2-42a3-be95-a4a6b4069f6b/resourceGroups/MC_sa1_test_eic_TejalDave_jaydeep_demo_cluster_southeastasia",
            "oidc_issuer_enabled": false,
            "oidc_issuer_url": "",
            "oms_agent": [],
            "open_service_mesh_enabled": false,
            "portal_fqdn": "demotest-7zrafg7k.portal.hcp.southeastasia.azmk8s.io",
            "private_cluster_enabled": false,
            "private_cluster_public_fqdn_enabled": false,
            "private_dns_zone_id": null,
            "private_fqdn": "",
            "public_network_access_enabled": true,
            "resource_group_name": "sa1_test_eic_TejalDave",
            "role_based_access_control_enabled": true,
            "run_command_enabled": true,
            "service_mesh_profile": [],
            "service_principal": [],
            "sku_tier": "Free",
            "storage_profile": [],
            "support_plan": "KubernetesOfficial",
            "tags": {
              "Environment": "Production"
            },
            "timeouts": null,
            "web_app_routing": [],
            "windows_profile": [],
            "workload_autoscaler_profile": [],
            "workload_identity_enabled": false
          },
          "sensitive_attributes": [],
          "private": "eyJlMmJmYjczMC1lY2FhLTExZTYtOGY4OC0zNDM2M2JjN2M0YzAiOnsiY3JlYXRlIjo1NDAwMDAwMDAwMDAwLCJkZWxldGUiOjU0MDAwMDAwMDAwMDAsInJlYWQiOjMwMDAwMDAwMDAwMCwidXBkYXRlIjo1NDAwMDAwMDAwMDAwfSwic2NoZW1hX3ZlcnNpb24iOiIyIn0="
        }
      ]
    },
    {
      "module": "module.nginx_app",
      "mode": "managed",
      "type": "kubernetes_deployment",
      "name": "nginx_deployment",
      "provider": "module.nginx_app.provider[\"registry.terraform.io/hashicorp/kubernetes\"]",
      "instances": [
        {
          "schema_version": 1,
          "attributes": {
            "id": "default/nginx-deployment",
            "metadata": [
              {
                "annotations": null,
                "generate_name": "",
                "generation": 1,
                "labels": null,
                "name": "nginx-deployment",
                "namespace": "default",
                "resource_version": "1063395",
                "uid": "ebffcfbd-efb3-4889-b691-dc344e316e9d"
              }
            ],
            "spec": [
              {
                "min_ready_seconds": 0,
                "paused": false,
                "progress_deadline_seconds": 600,
                "replicas": "2",
                "revision_history_limit": 10,
                "selector": [
                  {
                    "match_expressions": [],
                    "match_labels": {
                      "app": "nginx"
                    }
                  }
                ],
                "strategy": [
                  {
                    "rolling_update": [
                      {
                        "max_surge": "25%",
                        "max_unavailable": "25%"
                      }
                    ],
                    "type": "RollingUpdate"
                  }
                ],
                "template": [
                  {
                    "metadata": [
                      {
                        "annotations": null,
                        "generate_name": "",
                        "generation": 0,
                        "labels": {
                          "app": "nginx"
                        },
                        "name": "",
                        "namespace": "",
                        "resource_version": "",
                        "uid": ""
                      }
                    ],
                    "spec": [
                      {
                        "active_deadline_seconds": 0,
                        "affinity": [],
                        "automount_service_account_token": true,
                        "container": [
                          {
                            "args": null,
                            "command": null,
                            "env": [],
                            "env_from": [],
                            "image": "nginx:latest",
                            "image_pull_policy": "Always",
                            "lifecycle": [],
                            "liveness_probe": [],
                            "name": "nginx",
                            "port": [],
                            "readiness_probe": [],
                            "resources": [
                              {
                                "limits": {},
                                "requests": {}
                              }
                            ],
                            "security_context": [],
                            "startup_probe": [],
                            "stdin": false,
                            "stdin_once": false,
                            "termination_message_path": "/dev/termination-log",
                            "termination_message_policy": "File",
                            "tty": false,
                            "volume_mount": [],
                            "working_dir": ""
                          }
                        ],
                        "dns_config": [],
                        "dns_policy": "ClusterFirst",
                        "enable_service_links": true,
                        "host_aliases": [],
                        "host_ipc": false,
                        "host_network": false,
                        "host_pid": false,
                        "hostname": "",
                        "image_pull_secrets": [],
                        "init_container": [],
                        "node_name": "",
                        "node_selector": null,
                        "os": [],
                        "priority_class_name": "",
                        "readiness_gate": [],
                        "restart_policy": "Always",
                        "runtime_class_name": "",
                        "scheduler_name": "default-scheduler",
                        "security_context": [],
                        "service_account_name": "",
                        "share_process_namespace": false,
                        "subdomain": "",
                        "termination_grace_period_seconds": 30,
                        "toleration": [],
                        "topology_spread_constraint": [],
                        "volume": []
                      }
                    ]
                  }
                ]
              }
            ],
            "timeouts": null,
            "wait_for_rollout": true
          },
          "sensitive_attributes": [],
          "private": "eyJlMmJmYjczMC1lY2FhLTExZTYtOGY4OC0zNDM2M2JjN2M0YzAiOnsiY3JlYXRlIjo2MDAwMDAwMDAwMDAsImRlbGV0ZSI6NjAwMDAwMDAwMDAwLCJ1cGRhdGUiOjYwMDAwMDAwMDAwMH0sInNjaGVtYV92ZXJzaW9uIjoiMSJ9"
        }
      ]
    },
    {
      "module": "module.nginx_app",
      "mode": "managed",
      "type": "kubernetes_service",
      "name": "nginx_service",
      "provider": "module.nginx_app.provider[\"registry.terraform.io/hashicorp/kubernetes\"]",
      "instances": [
        {
          "schema_version": 1,
          "attributes": {
            "id": "default/nginx-service",
            "metadata": [
              {
                "annotations": null,
                "generate_name": "",
                "generation": 0,
                "labels": null,
                "name": "nginx-service",
                "namespace": "default",
                "resource_version": "1063354",
                "uid": "be439cd8-4215-4837-ae60-952dbc924cc4"
              }
            ],
            "spec": [
              {
                "allocate_load_balancer_node_ports": true,
                "cluster_ip": "10.0.148.245",
                "cluster_ips": [
                  "10.0.148.245"
                ],
                "external_ips": null,
                "external_name": "",
                "external_traffic_policy": "Cluster",
                "health_check_node_port": 0,
                "internal_traffic_policy": "Cluster",
                "ip_families": [
                  "IPv4"
                ],
                "ip_family_policy": "SingleStack",
                "load_balancer_class": "",
                "load_balancer_ip": "",
                "load_balancer_source_ranges": null,
                "port": [
                  {
                    "app_protocol": "",
                    "name": "",
                    "node_port": 32250,
                    "port": 80,
                    "protocol": "TCP",
                    "target_port": "80"
                  }
                ],
                "publish_not_ready_addresses": false,
                "selector": {
                  "app": "nginx"
                },
                "session_affinity": "None",
                "session_affinity_config": [],
                "type": "LoadBalancer"
              }
            ],
            "status": [
              {
                "load_balancer": [
                  {
                    "ingress": [
                      {
                        "hostname": "",
                        "ip": "20.195.115.126"
                      }
                    ]
                  }
                ]
              }
            ],
            "timeouts": null,
            "wait_for_load_balancer": true
          },
          "sensitive_attributes": [],
          "private": "eyJlMmJmYjczMC1lY2FhLTExZTYtOGY4OC0zNDM2M2JjN2M0YzAiOnsiY3JlYXRlIjo2MDAwMDAwMDAwMDB9LCJzY2hlbWFfdmVyc2lvbiI6IjEifQ=="
        }
      ]
    }
  ],
  "check_results": null
}
